
Microsoft Visual Studio Solution File, Format Version 12.00
# Visual Studio Version 17
VisualStudioVersion = 17.8.34408.163
MinimumVisualStudioVersion = 10.0.40219.1
Project("{FAE04EC0-301F-11D3-BF4B-00C04F79EFBC}") = "Anaplan 2", "Anaplan 2\Anaplan 2.csproj", "{D70AEBBB-2EE8-49FC-87EA-BAB069315BEC}"
EndProject
Global
	GlobalSection(SolutionConfigurationPlatforms) = preSolution
		Debug|Any CPU = Debug|Any CPU
		Release|Any CPU = Release|Any CPU
	EndGlobalSection
	GlobalSection(ProjectConfigurationPlatforms) = postSolution
		{D70AEBBB-2EE8-49FC-87EA-BAB069315BEC}.Debug|Any CPU.ActiveCfg = Debug|Any CPU
		{D70AEBBB-2EE8-49FC-87EA-BAB069315BEC}.Debug|Any CPU.Build.0 = Debug|Any CPU
		{D70AEBBB-2EE8-49FC-87EA-BAB069315BEC}.Release|Any CPU.ActiveCfg = Release|Any CPU
		{D70AEBBB-2EE8-49FC-87EA-BAB069315BEC}.Release|Any CPU.Build.0 = Release|Any CPU
	EndGlobalSection
	GlobalSection(SolutionProperties) = preSolution
		HideSolutionNode = FALSE
	EndGlobalSection
	GlobalSection(ExtensibilityGlobals) = postSolution
		SolutionGuid = {FE1C25EF-0A96-42B0-903D-DC4176E5E48A}
	EndGlobalSection
EndGlobal
