
Microsoft Visual Studio Solution File, Format Version 12.00
# Visual Studio Version 17
VisualStudioVersion = 17.8.34408.163
MinimumVisualStudioVersion = 10.0.40219.1
Project("{FAE04EC0-301F-11D3-BF4B-00C04F79EFBC}") = "CreateCampaign", "CreateCampaign\CreateCampaign.csproj", "{94E03BF5-791C-4982-A11D-92F9DF5CA35C}"
EndProject
Global
	GlobalSection(SolutionConfigurationPlatforms) = preSolution
		Debug|Any CPU = Debug|Any CPU
		Release|Any CPU = Release|Any CPU
	EndGlobalSection
	GlobalSection(ProjectConfigurationPlatforms) = postSolution
		{94E03BF5-791C-4982-A11D-92F9DF5CA35C}.Debug|Any CPU.ActiveCfg = Debug|Any CPU
		{94E03BF5-791C-4982-A11D-92F9DF5CA35C}.Debug|Any CPU.Build.0 = Debug|Any CPU
		{94E03BF5-791C-4982-A11D-92F9DF5CA35C}.Release|Any CPU.ActiveCfg = Release|Any CPU
		{94E03BF5-791C-4982-A11D-92F9DF5CA35C}.Release|Any CPU.Build.0 = Release|Any CPU
	EndGlobalSection
	GlobalSection(SolutionProperties) = preSolution
		HideSolutionNode = FALSE
	EndGlobalSection
	GlobalSection(ExtensibilityGlobals) = postSolution
		SolutionGuid = {ABE13F31-0E9D-4406-898D-A3A040B8FC69}
	EndGlobalSection
EndGlobal
